
Microsoft Visual Studio Solution File, Format Version 12.00
# Visual Studio 14
VisualStudioVersion = 14.0.25420.1
MinimumVisualStudioVersion = 10.0.40219.1
Project("{FAE04EC0-301F-11D3-BF4B-00C04F79EFBC}") = "NorthwindManipulation", "NorthwindManipulation\NorthwindManipulation.csproj", "{94D757F6-C6A1-4DE7-A77C-FF8F948CD517}"
EndProject
Project("{FAE04EC0-301F-11D3-BF4B-00C04F79EFBC}") = "ConsoleTester", "ConsoleTester\ConsoleTester.csproj", "{C5A74927-2556-43C1-974F-558D8E4A63D1}"
EndProject
Global
	GlobalSection(SolutionConfigurationPlatforms) = preSolution
		Debug|Any CPU = Debug|Any CPU
		Release|Any CPU = Release|Any CPU
	EndGlobalSection
	GlobalSection(ProjectConfigurationPlatforms) = postSolution
		{94D757F6-C6A1-4DE7-A77C-FF8F948CD517}.Debug|Any CPU.ActiveCfg = Debug|Any CPU
		{94D757F6-C6A1-4DE7-A77C-FF8F948CD517}.Debug|Any CPU.Build.0 = Debug|Any CPU
		{94D757F6-C6A1-4DE7-A77C-FF8F948CD517}.Release|Any CPU.ActiveCfg = Release|Any CPU
		{94D757F6-C6A1-4DE7-A77C-FF8F948CD517}.Release|Any CPU.Build.0 = Release|Any CPU
		{C5A74927-2556-43C1-974F-558D8E4A63D1}.Debug|Any CPU.ActiveCfg = Debug|Any CPU
		{C5A74927-2556-43C1-974F-558D8E4A63D1}.Debug|Any CPU.Build.0 = Debug|Any CPU
		{C5A74927-2556-43C1-974F-558D8E4A63D1}.Release|Any CPU.ActiveCfg = Release|Any CPU
		{C5A74927-2556-43C1-974F-558D8E4A63D1}.Release|Any CPU.Build.0 = Release|Any CPU
	EndGlobalSection
	GlobalSection(SolutionProperties) = preSolution
		HideSolutionNode = FALSE
	EndGlobalSection
EndGlobal
